// !$*UTF8*$!
{
	archiveVersion = 1;
	classes = {
	};
	objectVersion = 56;
	objects = {

/* Begin PBXBuildFile section */
		046B6A872941E3CF0037D98A /* AppDelegate.swift in Sources */ = {isa = PBXBuildFile; fileRef = 046B6A862941E3CF0037D98A /* AppDelegate.swift */; };
		046B6A892941E3CF0037D98A /* SceneDelegate.swift in Sources */ = {isa = PBXBuildFile; fileRef = 046B6A882941E3CF0037D98A /* SceneDelegate.swift */; };
		046B6A8B2941E3CF0037D98A /* ViewController.swift in Sources */ = {isa = PBXBuildFile; fileRef = 046B6A8A2941E3CF0037D98A /* ViewController.swift */; };
		046B6A8E2941E3CF0037D98A /* Main.storyboard in Resources */ = {isa = PBXBuildFile; fileRef = 046B6A8C2941E3CF0037D98A /* Main.storyboard */; };
		046B6A902941E3D10037D98A /* Assets.xcassets in Resources */ = {isa = PBXBuildFile; fileRef = 046B6A8F2941E3D10037D98A /* Assets.xcassets */; };
		046B6A932941E3D10037D98A /* LaunchScreen.storyboard in Resources */ = {isa = PBXBuildFile; fileRef = 046B6A912941E3D10037D98A /* LaunchScreen.storyboard */; };
		046B6A9B2941E4210037D98A /* Presenter.swift in Sources */ = {isa = PBXBuildFile; fileRef = 046B6A9A2941E4210037D98A /* Presenter.swift */; };
		046B6AA02941E50F0037D98A /* DropDownMenuTableViewCell.swift in Sources */ = {isa = PBXBuildFile; fileRef = 046B6A9E2941E50F0037D98A /* DropDownMenuTableViewCell.swift */; };
		046B6AA12941E50F0037D98A /* DropDownMenuTableViewCell.xib in Resources */ = {isa = PBXBuildFile; fileRef = 046B6A9F2941E50F0037D98A /* DropDownMenuTableViewCell.xib */; };
		046B6AA42941E7520037D98A /* TagCollectionViewCell.swift in Sources */ = {isa = PBXBuildFile; fileRef = 046B6AA22941E7520037D98A /* TagCollectionViewCell.swift */; };
		046B6AA52941E7520037D98A /* TagCollectionViewCell.xib in Resources */ = {isa = PBXBuildFile; fileRef = 046B6AA32941E7520037D98A /* TagCollectionViewCell.xib */; };
		046B6AA82941F5F40037D98A /* MainControllerCells.swift in Sources */ = {isa = PBXBuildFile; fileRef = 046B6AA72941F5F40037D98A /* MainControllerCells.swift */; };
		046B6AAB2941F7B30037D98A /* Extention+TableView.swift in Sources */ = {isa = PBXBuildFile; fileRef = 046B6AAA2941F7B30037D98A /* Extention+TableView.swift */; };
		046B6AAE294221DB0037D98A /* DropOptionTableViewCell.swift in Sources */ = {isa = PBXBuildFile; fileRef = 046B6AAC294221DB0037D98A /* DropOptionTableViewCell.swift */; };
		046B6AAF294221DB0037D98A /* DropOptionTableViewCell.xib in Resources */ = {isa = PBXBuildFile; fileRef = 046B6AAD294221DB0037D98A /* DropOptionTableViewCell.xib */; };
		046B6AB3294318E00037D98A /* DropView.swift in Sources */ = {isa = PBXBuildFile; fileRef = 046B6AB1294318E00037D98A /* DropView.swift */; };
		046B6AB4294318E00037D98A /* DropView.xib in Resources */ = {isa = PBXBuildFile; fileRef = 046B6AB2294318E00037D98A /* DropView.xib */; };
		046B6AB6294318F80037D98A /* DropViewPresenter.swift in Sources */ = {isa = PBXBuildFile; fileRef = 046B6AB5294318F80037D98A /* DropViewPresenter.swift */; };
		046B6AB9294327240037D98A /* NibLoadeble.swift in Sources */ = {isa = PBXBuildFile; fileRef = 046B6AB8294327240037D98A /* NibLoadeble.swift */; };
/* End PBXBuildFile section */

/* Begin PBXFileReference section */
		046B6A832941E3CF0037D98A /* DropDownMenuTest.app */ = {isa = PBXFileReference; explicitFileType = wrapper.application; includeInIndex = 0; path = DropDownMenuTest.app; sourceTree = BUILT_PRODUCTS_DIR; };
		046B6A862941E3CF0037D98A /* AppDelegate.swift */ = {isa = PBXFileReference; lastKnownFileType = sourcecode.swift; path = AppDelegate.swift; sourceTree = "<group>"; };
		046B6A882941E3CF0037D98A /* SceneDelegate.swift */ = {isa = PBXFileReference; lastKnownFileType = sourcecode.swift; path = SceneDelegate.swift; sourceTree = "<group>"; };
		046B6A8A2941E3CF0037D98A /* ViewController.swift */ = {isa = PBXFileReference; lastKnownFileType = sourcecode.swift; path = ViewController.swift; sourceTree = "<group>"; };
		046B6A8D2941E3CF0037D98A /* Base */ = {isa = PBXFileReference; lastKnownFileType = file.storyboard; name = Base; path = Base.lproj/Main.storyboard; sourceTree = "<group>"; };
		046B6A8F2941E3D10037D98A /* Assets.xcassets */ = {isa = PBXFileReference; lastKnownFileType = folder.assetcatalog; path = Assets.xcassets; sourceTree = "<group>"; };
		046B6A922941E3D10037D98A /* Base */ = {isa = PBXFileReference; lastKnownFileType = file.storyboard; name = Base; path = Base.lproj/LaunchScreen.storyboard; sourceTree = "<group>"; };
		046B6A942941E3D10037D98A /* Info.plist */ = {isa = PBXFileReference; lastKnownFileType = text.plist.xml; path = Info.plist; sourceTree = "<group>"; };
		046B6A9A2941E4210037D98A /* Presenter.swift */ = {isa = PBXFileReference; lastKnownFileType = sourcecode.swift; path = Presenter.swift; sourceTree = "<group>"; };
		046B6A9E2941E50F0037D98A /* DropDownMenuTableViewCell.swift */ = {isa = PBXFileReference; lastKnownFileType = sourcecode.swift; path = DropDownMenuTableViewCell.swift; sourceTree = "<group>"; };
		046B6A9F2941E50F0037D98A /* DropDownMenuTableViewCell.xib */ = {isa = PBXFileReference; lastKnownFileType = file.xib; path = DropDownMenuTableViewCell.xib; sourceTree = "<group>"; };
		046B6AA22941E7520037D98A /* TagCollectionViewCell.swift */ = {isa = PBXFileReference; lastKnownFileType = sourcecode.swift; path = TagCollectionViewCell.swift; sourceTree = "<group>"; };
		046B6AA32941E7520037D98A /* TagCollectionViewCell.xib */ = {isa = PBXFileReference; lastKnownFileType = file.xib; path = TagCollectionViewCell.xib; sourceTree = "<group>"; };
		046B6AA72941F5F40037D98A /* MainControllerCells.swift */ = {isa = PBXFileReference; lastKnownFileType = sourcecode.swift; path = MainControllerCells.swift; sourceTree = "<group>"; };
		046B6AAA2941F7B30037D98A /* Extention+TableView.swift */ = {isa = PBXFileReference; lastKnownFileType = sourcecode.swift; path = "Extention+TableView.swift"; sourceTree = "<group>"; };
		046B6AAC294221DB0037D98A /* DropOptionTableViewCell.swift */ = {isa = PBXFileReference; lastKnownFileType = sourcecode.swift; path = DropOptionTableViewCell.swift; sourceTree = "<group>"; };
		046B6AAD294221DB0037D98A /* DropOptionTableViewCell.xib */ = {isa = PBXFileReference; lastKnownFileType = file.xib; path = DropOptionTableViewCell.xib; sourceTree = "<group>"; };
		046B6AB1294318E00037D98A /* DropView.swift */ = {isa = PBXFileReference; lastKnownFileType = sourcecode.swift; path = DropView.swift; sourceTree = "<group>"; };
		046B6AB2294318E00037D98A /* DropView.xib */ = {isa = PBXFileReference; lastKnownFileType = file.xib; path = DropView.xib; sourceTree = "<group>"; };
		046B6AB5294318F80037D98A /* DropViewPresenter.swift */ = {isa = PBXFileReference; lastKnownFileType = sourcecode.swift; path = DropViewPresenter.swift; sourceTree = "<group>"; };
		046B6AB8294327240037D98A /* NibLoadeble.swift */ = {isa = PBXFileReference; lastKnownFileType = sourcecode.swift; path = NibLoadeble.swift; sourceTree = "<group>"; };
/* End PBXFileReference section */

/* Begin PBXFrameworksBuildPhase section */
		046B6A802941E3CF0037D98A /* Frameworks */ = {
			isa = PBXFrameworksBuildPhase;
			buildActionMask = 2147483647;
			files = (
			);
			runOnlyForDeploymentPostprocessing = 0;
		};
/* End PBXFrameworksBuildPhase section */

/* Begin PBXGroup section */
		046B6A7A2941E3CF0037D98A = {
			isa = PBXGroup;
			children = (
				046B6A852941E3CF0037D98A /* DropDownMenuTest */,
				046B6A842941E3CF0037D98A /* Products */,
			);
			sourceTree = "<group>";
		};
		046B6A842941E3CF0037D98A /* Products */ = {
			isa = PBXGroup;
			children = (
				046B6A832941E3CF0037D98A /* DropDownMenuTest.app */,
			);
			name = Products;
			sourceTree = "<group>";
		};
		046B6A852941E3CF0037D98A /* DropDownMenuTest */ = {
			isa = PBXGroup;
			children = (
				046B6AA92941F7930037D98A /* extentions */,
				046B6AA62941F59B0037D98A /* enums */,
				046B6A9D2941E4ED0037D98A /* Cells */,
				046B6A9C2941E4D40037D98A /* Modules */,
				046B6A862941E3CF0037D98A /* AppDelegate.swift */,
				046B6A882941E3CF0037D98A /* SceneDelegate.swift */,
				046B6A8F2941E3D10037D98A /* Assets.xcassets */,
				046B6A912941E3D10037D98A /* LaunchScreen.storyboard */,
				046B6A942941E3D10037D98A /* Info.plist */,
			);
			path = DropDownMenuTest;
			sourceTree = "<group>";
		};
		046B6A9C2941E4D40037D98A /* Modules */ = {
			isa = PBXGroup;
			children = (
				046B6AB0294318AE0037D98A /* DropViewController */,
				046B6A9A2941E4210037D98A /* Presenter.swift */,
				046B6A8A2941E3CF0037D98A /* ViewController.swift */,
				046B6A8C2941E3CF0037D98A /* Main.storyboard */,
			);
			path = Modules;
			sourceTree = "<group>";
		};
		046B6A9D2941E4ED0037D98A /* Cells */ = {
			isa = PBXGroup;
			children = (
				046B6A9E2941E50F0037D98A /* DropDownMenuTableViewCell.swift */,
				046B6A9F2941E50F0037D98A /* DropDownMenuTableViewCell.xib */,
				046B6AA22941E7520037D98A /* TagCollectionViewCell.swift */,
				046B6AA32941E7520037D98A /* TagCollectionViewCell.xib */,
				046B6AAC294221DB0037D98A /* DropOptionTableViewCell.swift */,
				046B6AAD294221DB0037D98A /* DropOptionTableViewCell.xib */,
			);
			path = Cells;
			sourceTree = "<group>";
		};
		046B6AA62941F59B0037D98A /* enums */ = {
			isa = PBXGroup;
			children = (
				046B6AA72941F5F40037D98A /* MainControllerCells.swift */,
			);
			path = enums;
			sourceTree = "<group>";
		};
		046B6AA92941F7930037D98A /* extentions */ = {
			isa = PBXGroup;
			children = (
				046B6AAA2941F7B30037D98A /* Extention+TableView.swift */,
				046B6AB8294327240037D98A /* NibLoadeble.swift */,
			);
			path = extentions;
			sourceTree = "<group>";
		};
		046B6AB0294318AE0037D98A /* DropViewController */ = {
			isa = PBXGroup;
			children = (
				046B6AB1294318E00037D98A /* DropView.swift */,
				046B6AB2294318E00037D98A /* DropView.xib */,
				046B6AB5294318F80037D98A /* DropViewPresenter.swift */,
			);
			path = DropViewController;
			sourceTree = "<group>";
		};
/* End PBXGroup section */

/* Begin PBXNativeTarget section */
		046B6A822941E3CF0037D98A /* DropDownMenuTest */ = {
			isa = PBXNativeTarget;
			buildConfigurationList = 046B6A972941E3D10037D98A /* Build configuration list for PBXNativeTarget "DropDownMenuTest" */;
			buildPhases = (
				046B6A7F2941E3CF0037D98A /* Sources */,
				046B6A802941E3CF0037D98A /* Frameworks */,
				046B6A812941E3CF0037D98A /* Resources */,
			);
			buildRules = (
			);
			dependencies = (
			);
			name = DropDownMenuTest;
			productName = DropDownMenuTest;
			productReference = 046B6A832941E3CF0037D98A /* DropDownMenuTest.app */;
			productType = "com.apple.product-type.application";
		};
/* End PBXNativeTarget section */

/* Begin PBXProject section */
		046B6A7B2941E3CF0037D98A /* Project object */ = {
			isa = PBXProject;
			attributes = {
				BuildIndependentTargetsInParallel = 1;
				LastSwiftUpdateCheck = 1410;
				LastUpgradeCheck = 1410;
				TargetAttributes = {
					046B6A822941E3CF0037D98A = {
						CreatedOnToolsVersion = 14.1;
					};
				};
			};
			buildConfigurationList = 046B6A7E2941E3CF0037D98A /* Build configuration list for PBXProject "DropDownMenuTest" */;
			compatibilityVersion = "Xcode 14.0";
			developmentRegion = en;
			hasScannedForEncodings = 0;
			knownRegions = (
				en,
				Base,
			);
			mainGroup = 046B6A7A2941E3CF0037D98A;
			productRefGroup = 046B6A842941E3CF0037D98A /* Products */;
			projectDirPath = "";
			projectRoot = "";
			targets = (
				046B6A822941E3CF0037D98A /* DropDownMenuTest */,
			);
		};
/* End PBXProject section */

/* Begin PBXResourcesBuildPhase section */
		046B6A812941E3CF0037D98A /* Resources */ = {
			isa = PBXResourcesBuildPhase;
			buildActionMask = 2147483647;
			files = (
				046B6AB4294318E00037D98A /* DropView.xib in Resources */,
				046B6A932941E3D10037D98A /* LaunchScreen.storyboard in Resources */,
				046B6AAF294221DB0037D98A /* DropOptionTableViewCell.xib in Resources */,
				046B6A902941E3D10037D98A /* Assets.xcassets in Resources */,
				046B6AA52941E7520037D98A /* TagCollectionViewCell.xib in Resources */,
				046B6A8E2941E3CF0037D98A /* Main.storyboard in Resources */,
				046B6AA12941E50F0037D98A /* DropDownMenuTableViewCell.xib in Resources */,
			);
			runOnlyForDeploymentPostprocessing = 0;
		};
/* End PBXResourcesBuildPhase section */

/* Begin PBXSourcesBuildPhase section */
		046B6A7F2941E3CF0037D98A /* Sources */ = {
			isa = PBXSourcesBuildPhase;
			buildActionMask = 2147483647;
			files = (
				046B6AAB2941F7B30037D98A /* Extention+TableView.swift in Sources */,
				046B6AB9294327240037D98A /* NibLoadeble.swift in Sources */,
				046B6AA02941E50F0037D98A /* DropDownMenuTableViewCell.swift in Sources */,
				046B6AA82941F5F40037D98A /* MainControllerCells.swift in Sources */,
				046B6A8B2941E3CF0037D98A /* ViewController.swift in Sources */,
				046B6A872941E3CF0037D98A /* AppDelegate.swift in Sources */,
				046B6AB3294318E00037D98A /* DropView.swift in Sources */,
				046B6AB6294318F80037D98A /* DropViewPresenter.swift in Sources */,
				046B6AA42941E7520037D98A /* TagCollectionViewCell.swift in Sources */,
				046B6A9B2941E4210037D98A /* Presenter.swift in Sources */,
				046B6A892941E3CF0037D98A /* SceneDelegate.swift in Sources */,
				046B6AAE294221DB0037D98A /* DropOptionTableViewCell.swift in Sources */,
			);
			runOnlyForDeploymentPostprocessing = 0;
		};
/* End PBXSourcesBuildPhase section */

/* Begin PBXVariantGroup section */
		046B6A8C2941E3CF0037D98A /* Main.storyboard */ = {
			isa = PBXVariantGroup;
			children = (
				046B6A8D2941E3CF0037D98A /* Base */,
			);
			name = Main.storyboard;
			sourceTree = "<group>";
		};
		046B6A912941E3D10037D98A /* LaunchScreen.storyboard */ = {
			isa = PBXVariantGroup;
			children = (
				046B6A922941E3D10037D98A /* Base */,
			);
			name = LaunchScreen.storyboard;
			sourceTree = "<group>";
		};
/* End PBXVariantGroup section */

/* Begin XCBuildConfiguration section */
		046B6A952941E3D10037D98A /* Debug */ = {
			isa = XCBuildConfiguration;
			buildSettings = {
				ALWAYS_SEARCH_USER_PATHS = NO;
				CLANG_ANALYZER_NONNULL = YES;
				CLANG_ANALYZER_NUMBER_OBJECT_CONVERSION = YES_AGGRESSIVE;
				CLANG_CXX_LANGUAGE_STANDARD = "gnu++20";
				CLANG_ENABLE_MODULES = YES;
				CLANG_ENABLE_OBJC_ARC = YES;
				CLANG_ENABLE_OBJC_WEAK = YES;
				CLANG_WARN_BLOCK_CAPTURE_AUTORELEASING = YES;
				CLANG_WARN_BOOL_CONVERSION = YES;
				CLANG_WARN_COMMA = YES;
				CLANG_WARN_CONSTANT_CONVERSION = YES;
				CLANG_WARN_DEPRECATED_OBJC_IMPLEMENTATIONS = YES;
				CLANG_WARN_DIRECT_OBJC_ISA_USAGE = YES_ERROR;
				CLANG_WARN_DOCUMENTATION_COMMENTS = YES;
				CLANG_WARN_EMPTY_BODY = YES;
				CLANG_WARN_ENUM_CONVERSION = YES;
				CLANG_WARN_INFINITE_RECURSION = YES;
				CLANG_WARN_INT_CONVERSION = YES;
				CLANG_WARN_NON_LITERAL_NULL_CONVERSION = YES;
				CLANG_WARN_OBJC_IMPLICIT_RETAIN_SELF = YES;
				CLANG_WARN_OBJC_LITERAL_CONVERSION = YES;
				CLANG_WARN_OBJC_ROOT_CLASS = YES_ERROR;
				CLANG_WARN_QUOTED_INCLUDE_IN_FRAMEWORK_HEADER = YES;
				CLANG_WARN_RANGE_LOOP_ANALYSIS = YES;
				CLANG_WARN_STRICT_PROTOTYPES = YES;
				CLANG_WARN_SUSPICIOUS_MOVE = YES;
				CLANG_WARN_UNGUARDED_AVAILABILITY = YES_AGGRESSIVE;
				CLANG_WARN_UNREACHABLE_CODE = YES;
				CLANG_WARN__DUPLICATE_METHOD_MATCH = YES;
				COPY_PHASE_STRIP = NO;
				DEBUG_INFORMATION_FORMAT = dwarf;
				ENABLE_STRICT_OBJC_MSGSEND = YES;
				ENABLE_TESTABILITY = YES;
				GCC_C_LANGUAGE_STANDARD = gnu11;
				GCC_DYNAMIC_NO_PIC = NO;
				GCC_NO_COMMON_BLOCKS = YES;
				GCC_OPTIMIZATION_LEVEL = 0;
				GCC_PREPROCESSOR_DEFINITIONS = (
					"DEBUG=1",
					"$(inherited)",
				);
				GCC_WARN_64_TO_32_BIT_CONVERSION = YES;
				GCC_WARN_ABOUT_RETURN_TYPE = YES_ERROR;
				GCC_WARN_UNDECLARED_SELECTOR = YES;
				GCC_WARN_UNINITIALIZED_AUTOS = YES_AGGRESSIVE;
				GCC_WARN_UNUSED_FUNCTION = YES;
				GCC_WARN_UNUSED_VARIABLE = YES;
				IPHONEOS_DEPLOYMENT_TARGET = 16.1;
				MTL_ENABLE_DEBUG_INFO = INCLUDE_SOURCE;
				MTL_FAST_MATH = YES;
				ONLY_ACTIVE_ARCH = YES;
				SDKROOT = iphoneos;
				SWIFT_ACTIVE_COMPILATION_CONDITIONS = DEBUG;
				SWIFT_OPTIMIZATION_LEVEL = "-Onone";
			};
			name = Debug;
		};
		046B6A962941E3D10037D98A /* Release */ = {
			isa = XCBuildConfiguration;
			buildSettings = {
				ALWAYS_SEARCH_USER_PATHS = NO;
				CLANG_ANALYZER_NONNULL = YES;
				CLANG_ANALYZER_NUMBER_OBJECT_CONVERSION = YES_AGGRESSIVE;
				CLANG_CXX_LANGUAGE_STANDARD = "gnu++20";
				CLANG_ENABLE_MODULES = YES;
				CLANG_ENABLE_OBJC_ARC = YES;
				CLANG_ENABLE_OBJC_WEAK = YES;
				CLANG_WARN_BLOCK_CAPTURE_AUTORELEASING = YES;
				CLANG_WARN_BOOL_CONVERSION = YES;
				CLANG_WARN_COMMA = YES;
				CLANG_WARN_CONSTANT_CONVERSION = YES;
				CLANG_WARN_DEPRECATED_OBJC_IMPLEMENTATIONS = YES;
				CLANG_WARN_DIRECT_OBJC_ISA_USAGE = YES_ERROR;
				CLANG_WARN_DOCUMENTATION_COMMENTS = YES;
				CLANG_WARN_EMPTY_BODY = YES;
				CLANG_WARN_ENUM_CONVERSION = YES;
				CLANG_WARN_INFINITE_RECURSION = YES;
				CLANG_WARN_INT_CONVERSION = YES;
				CLANG_WARN_NON_LITERAL_NULL_CONVERSION = YES;
				CLANG_WARN_OBJC_IMPLICIT_RETAIN_SELF = YES;
				CLANG_WARN_OBJC_LITERAL_CONVERSION = YES;
				CLANG_WARN_OBJC_ROOT_CLASS = YES_ERROR;
				CLANG_WARN_QUOTED_INCLUDE_IN_FRAMEWORK_HEADER = YES;
				CLANG_WARN_RANGE_LOOP_ANALYSIS = YES;
				CLANG_WARN_STRICT_PROTOTYPES = YES;
				CLANG_WARN_SUSPICIOUS_MOVE = YES;
				CLANG_WARN_UNGUARDED_AVAILABILITY = YES_AGGRESSIVE;
				CLANG_WARN_UNREACHABLE_CODE = YES;
				CLANG_WARN__DUPLICATE_METHOD_MATCH = YES;
				COPY_PHASE_STRIP = NO;
				DEBUG_INFORMATION_FORMAT = "dwarf-with-dsym";
				ENABLE_NS_ASSERTIONS = NO;
				ENABLE_STRICT_OBJC_MSGSEND = YES;
				GCC_C_LANGUAGE_STANDARD = gnu11;
				GCC_NO_COMMON_BLOCKS = YES;
				GCC_WARN_64_TO_32_BIT_CONVERSION = YES;
				GCC_WARN_ABOUT_RETURN_TYPE = YES_ERROR;
				GCC_WARN_UNDECLARED_SELECTOR = YES;
				GCC_WARN_UNINITIALIZED_AUTOS = YES_AGGRESSIVE;
				GCC_WARN_UNUSED_FUNCTION = YES;
				GCC_WARN_UNUSED_VARIABLE = YES;
				IPHONEOS_DEPLOYMENT_TARGET = 16.1;
				MTL_ENABLE_DEBUG_INFO = NO;
				MTL_FAST_MATH = YES;
				SDKROOT = iphoneos;
				SWIFT_COMPILATION_MODE = wholemodule;
				SWIFT_OPTIMIZATION_LEVEL = "-O";
				VALIDATE_PRODUCT = YES;
			};
			name = Release;
		};
		046B6A982941E3D10037D98A /* Debug */ = {
			isa = XCBuildConfiguration;
			buildSettings = {
				ASSETCATALOG_COMPILER_APPICON_NAME = AppIcon;
				ASSETCATALOG_COMPILER_GLOBAL_ACCENT_COLOR_NAME = AccentColor;
				CODE_SIGN_STYLE = Automatic;
				CURRENT_PROJECT_VERSION = 1;
				DEVELOPMENT_TEAM = C7WGYZHK25;
				GENERATE_INFOPLIST_FILE = YES;
				INFOPLIST_FILE = DropDownMenuTest/Info.plist;
				INFOPLIST_KEY_UIApplicationSupportsIndirectInputEvents = YES;
				INFOPLIST_KEY_UILaunchStoryboardName = LaunchScreen;
				INFOPLIST_KEY_UIMainStoryboardFile = Main;
				INFOPLIST_KEY_UISupportedInterfaceOrientations_iPad = "UIInterfaceOrientationPortrait UIInterfaceOrientationPortraitUpsideDown UIInterfaceOrientationLandscapeLeft UIInterfaceOrientationLandscapeRight";
				INFOPLIST_KEY_UISupportedInterfaceOrientations_iPhone = "UIInterfaceOrientationPortrait UIInterfaceOrientationLandscapeLeft UIInterfaceOrientationLandscapeRight";
				LD_RUNPATH_SEARCH_PATHS = (
					"$(inherited)",
					"@executable_path/Frameworks",
				);
				MARKETING_VERSION = 1.0;
				PRODUCT_BUNDLE_IDENTIFIER = happy.DropDownMenuTest;
				PRODUCT_NAME = "$(TARGET_NAME)";
				SWIFT_EMIT_LOC_STRINGS = YES;
				SWIFT_VERSION = 5.0;
				TARGETED_DEVICE_FAMILY = "1,2";
			};
			name = Debug;
		};
		046B6A992941E3D10037D98A /* Release */ = {
			isa = XCBuildConfiguration;
			buildSettings = {
				ASSETCATALOG_COMPILER_APPICON_NAME = AppIcon;
				ASSETCATALOG_COMPILER_GLOBAL_ACCENT_COLOR_NAME = AccentColor;
				CODE_SIGN_STYLE = Automatic;
				CURRENT_PROJECT_VERSION = 1;
				DEVELOPMENT_TEAM = C7WGYZHK25;
				GENERATE_INFOPLIST_FILE = YES;
				INFOPLIST_FILE = DropDownMenuTest/Info.plist;
				INFOPLIST_KEY_UIApplicationSupportsIndirectInputEvents = YES;
				INFOPLIST_KEY_UILaunchStoryboardName = LaunchScreen;
				INFOPLIST_KEY_UIMainStoryboardFile = Main;
				INFOPLIST_KEY_UISupportedInterfaceOrientations_iPad = "UIInterfaceOrientationPortrait UIInterfaceOrientationPortraitUpsideDown UIInterfaceOrientationLandscapeLeft UIInterfaceOrientationLandscapeRight";
				INFOPLIST_KEY_UISupportedInterfaceOrientations_iPhone = "UIInterfaceOrientationPortrait UIInterfaceOrientationLandscapeLeft UIInterfaceOrientationLandscapeRight";
				LD_RUNPATH_SEARCH_PATHS = (
					"$(inherited)",
					"@executable_path/Frameworks",
				);
				MARKETING_VERSION = 1.0;
				PRODUCT_BUNDLE_IDENTIFIER = happy.DropDownMenuTest;
				PRODUCT_NAME = "$(TARGET_NAME)";
				SWIFT_EMIT_LOC_STRINGS = YES;
				SWIFT_VERSION = 5.0;
				TARGETED_DEVICE_FAMILY = "1,2";
			};
			name = Release;
		};
/* End XCBuildConfiguration section */

/* Begin XCConfigurationList section */
		046B6A7E2941E3CF0037D98A /* Build configuration list for PBXProject "DropDownMenuTest" */ = {
			isa = XCConfigurationList;
			buildConfigurations = (
				046B6A952941E3D10037D98A /* Debug */,
				046B6A962941E3D10037D98A /* Release */,
			);
			defaultConfigurationIsVisible = 0;
			defaultConfigurationName = Release;
		};
		046B6A972941E3D10037D98A /* Build configuration list for PBXNativeTarget "DropDownMenuTest" */ = {
			isa = XCConfigurationList;
			buildConfigurations = (
				046B6A982941E3D10037D98A /* Debug */,
				046B6A992941E3D10037D98A /* Release */,
			);
			defaultConfigurationIsVisible = 0;
			defaultConfigurationName = Release;
		};
/* End XCConfigurationList section */
	};
	rootObject = 046B6A7B2941E3CF0037D98A /* Project object */;
}
